// !$*UTF8*$!
{
	archiveVersion = 1;
	classes = {
	};
	objectVersion = 77;
	objects = {

/* Begin PBXContainerItemProxy section */
		BCF5BD802D64A4F70070F166 /* PBXContainerItemProxy */ = {
			isa = PBXContainerItemProxy;
			containerPortal = BCF5BD672D64A4F40070F166 /* Project object */;
			proxyType = 1;
			remoteGlobalIDString = BCF5BD6E2D64A4F40070F166;
			remoteInfo = Sample_CodingTest1;
		};
		BCF5BD8A2D64A4F70070F166 /* PBXContainerItemProxy */ = {
			isa = PBXContainerItemProxy;
			containerPortal = BCF5BD672D64A4F40070F166 /* Project object */;
			proxyType = 1;
			remoteGlobalIDString = BCF5BD6E2D64A4F40070F166;
			remoteInfo = Sample_CodingTest1;
		};
/* End PBXContainerItemProxy section */

/* Begin PBXFileReference section */
		BCF5BD6F2D64A4F40070F166 /* Sample_CodingTest1.app */ = {isa = PBXFileReference; explicitFileType = wrapper.application; includeInIndex = 0; path = Sample_CodingTest1.app; sourceTree = BUILT_PRODUCTS_DIR; };
		BCF5BD7F2D64A4F70070F166 /* Sample_CodingTest1Tests.xctest */ = {isa = PBXFileReference; explicitFileType = wrapper.cfbundle; includeInIndex = 0; path = Sample_CodingTest1Tests.xctest; sourceTree = BUILT_PRODUCTS_DIR; };
		BCF5BD892D64A4F70070F166 /* Sample_CodingTest1UITests.xctest */ = {isa = PBXFileReference; explicitFileType = wrapper.cfbundle; includeInIndex = 0; path = Sample_CodingTest1UITests.xctest; sourceTree = BUILT_PRODUCTS_DIR; };
/* End PBXFileReference section */

/* Begin PBXFileSystemSynchronizedRootGroup section */
		BCF5BD712D64A4F40070F166 /* Sample_CodingTest1 */ = {
			isa = PBXFileSystemSynchronizedRootGroup;
			path = Sample_CodingTest1;
			sourceTree = "<group>";
		};
		BCF5BD822D64A4F70070F166 /* Sample_CodingTest1Tests */ = {
			isa = PBXFileSystemSynchronizedRootGroup;
			path = Sample_CodingTest1Tests;
			sourceTree = "<group>";
		};
		BCF5BD8C2D64A4F70070F166 /* Sample_CodingTest1UITests */ = {
			isa = PBXFileSystemSynchronizedRootGroup;
			path = Sample_CodingTest1UITests;
			sourceTree = "<group>";
		};
/* End PBXFileSystemSynchronizedRootGroup section */

/* Begin PBXFrameworksBuildPhase section */
		BCF5BD6C2D64A4F40070F166 /* Frameworks */ = {
			isa = PBXFrameworksBuildPhase;
			buildActionMask = 2147483647;
			files = (
			);
			runOnlyForDeploymentPostprocessing = 0;
		};
		BCF5BD7C2D64A4F70070F166 /* Frameworks */ = {
			isa = PBXFrameworksBuildPhase;
			buildActionMask = 2147483647;
			files = (
			);
			runOnlyForDeploymentPostprocessing = 0;
		};
		BCF5BD862D64A4F70070F166 /* Frameworks */ = {
			isa = PBXFrameworksBuildPhase;
			buildActionMask = 2147483647;
			files = (
			);
			runOnlyForDeploymentPostprocessing = 0;
		};
/* End PBXFrameworksBuildPhase section */

/* Begin PBXGroup section */
		BCF5BD662D64A4F40070F166 = {
			isa = PBXGroup;
			children = (
				BCF5BD712D64A4F40070F166 /* Sample_CodingTest1 */,
				BCF5BD822D64A4F70070F166 /* Sample_CodingTest1Tests */,
				BCF5BD8C2D64A4F70070F166 /* Sample_CodingTest1UITests */,
				BCF5BD702D64A4F40070F166 /* Products */,
			);
			sourceTree = "<group>";
		};
		BCF5BD702D64A4F40070F166 /* Products */ = {
			isa = PBXGroup;
			children = (
				BCF5BD6F2D64A4F40070F166 /* Sample_CodingTest1.app */,
				BCF5BD7F2D64A4F70070F166 /* Sample_CodingTest1Tests.xctest */,
				BCF5BD892D64A4F70070F166 /* Sample_CodingTest1UITests.xctest */,
			);
			name = Products;
			sourceTree = "<group>";
		};
/* End PBXGroup section */

/* Begin PBXNativeTarget section */
		BCF5BD6E2D64A4F40070F166 /* Sample_CodingTest1 */ = {
			isa = PBXNativeTarget;
			buildConfigurationList = BCF5BD932D64A4F70070F166 /* Build configuration list for PBXNativeTarget "Sample_CodingTest1" */;
			buildPhases = (
				BCF5BD6B2D64A4F40070F166 /* Sources */,
				BCF5BD6C2D64A4F40070F166 /* Frameworks */,
				BCF5BD6D2D64A4F40070F166 /* Resources */,
			);
			buildRules = (
			);
			dependencies = (
			);
			fileSystemSynchronizedGroups = (
				BCF5BD712D64A4F40070F166 /* Sample_CodingTest1 */,
			);
			name = Sample_CodingTest1;
			packageProductDependencies = (
			);
			productName = Sample_CodingTest1;
			productReference = BCF5BD6F2D64A4F40070F166 /* Sample_CodingTest1.app */;
			productType = "com.apple.product-type.application";
		};
		BCF5BD7E2D64A4F70070F166 /* Sample_CodingTest1Tests */ = {
			isa = PBXNativeTarget;
			buildConfigurationList = BCF5BD962D64A4F70070F166 /* Build configuration list for PBXNativeTarget "Sample_CodingTest1Tests" */;
			buildPhases = (
				BCF5BD7B2D64A4F70070F166 /* Sources */,
				BCF5BD7C2D64A4F70070F166 /* Frameworks */,
				BCF5BD7D2D64A4F70070F166 /* Resources */,
			);
			buildRules = (
			);
			dependencies = (
				BCF5BD812D64A4F70070F166 /* PBXTargetDependency */,
			);
			fileSystemSynchronizedGroups = (
				BCF5BD822D64A4F70070F166 /* Sample_CodingTest1Tests */,
			);
			name = Sample_CodingTest1Tests;
			packageProductDependencies = (
			);
			productName = Sample_CodingTest1Tests;
			productReference = BCF5BD7F2D64A4F70070F166 /* Sample_CodingTest1Tests.xctest */;
			productType = "com.apple.product-type.bundle.unit-test";
		};
		BCF5BD882D64A4F70070F166 /* Sample_CodingTest1UITests */ = {
			isa = PBXNativeTarget;
			buildConfigurationList = BCF5BD992D64A4F70070F166 /* Build configuration list for PBXNativeTarget "Sample_CodingTest1UITests" */;
			buildPhases = (
				BCF5BD852D64A4F70070F166 /* Sources */,
				BCF5BD862D64A4F70070F166 /* Frameworks */,
				BCF5BD872D64A4F70070F166 /* Resources */,
			);
			buildRules = (
			);
			dependencies = (
				BCF5BD8B2D64A4F70070F166 /* PBXTargetDependency */,
			);
			fileSystemSynchronizedGroups = (
				BCF5BD8C2D64A4F70070F166 /* Sample_CodingTest1UITests */,
			);
			name = Sample_CodingTest1UITests;
			packageProductDependencies = (
			);
			productName = Sample_CodingTest1UITests;
			productReference = BCF5BD892D64A4F70070F166 /* Sample_CodingTest1UITests.xctest */;
			productType = "com.apple.product-type.bundle.ui-testing";
		};
/* End PBXNativeTarget section */

/* Begin PBXProject section */
		BCF5BD672D64A4F40070F166 /* Project object */ = {
			isa = PBXProject;
			attributes = {
				BuildIndependentTargetsInParallel = 1;
				LastSwiftUpdateCheck = 1620;
				LastUpgradeCheck = 1620;
				TargetAttributes = {
					BCF5BD6E2D64A4F40070F166 = {
						CreatedOnToolsVersion = 16.2;
					};
					BCF5BD7E2D64A4F70070F166 = {
						CreatedOnToolsVersion = 16.2;
						TestTargetID = BCF5BD6E2D64A4F40070F166;
					};
					BCF5BD882D64A4F70070F166 = {
						CreatedOnToolsVersion = 16.2;
						TestTargetID = BCF5BD6E2D64A4F40070F166;
					};
				};
			};
			buildConfigurationList = BCF5BD6A2D64A4F40070F166 /* Build configuration list for PBXProject "Sample_CodingTest1" */;
			developmentRegion = en;
			hasScannedForEncodings = 0;
			knownRegions = (
				en,
				Base,
			);
			mainGroup = BCF5BD662D64A4F40070F166;
			minimizedProjectReferenceProxies = 1;
			preferredProjectObjectVersion = 77;
			productRefGroup = BCF5BD702D64A4F40070F166 /* Products */;
			projectDirPath = "";
			projectRoot = "";
			targets = (
				BCF5BD6E2D64A4F40070F166 /* Sample_CodingTest1 */,
				BCF5BD7E2D64A4F70070F166 /* Sample_CodingTest1Tests */,
				BCF5BD882D64A4F70070F166 /* Sample_CodingTest1UITests */,
			);
		};
/* End PBXProject section */

/* Begin PBXResourcesBuildPhase section */
		BCF5BD6D2D64A4F40070F166 /* Resources */ = {
			isa = PBXResourcesBuildPhase;
			buildActionMask = 2147483647;
			files = (
			);
			runOnlyForDeploymentPostprocessing = 0;
		};
		BCF5BD7D2D64A4F70070F166 /* Resources */ = {
			isa = PBXResourcesBuildPhase;
			buildActionMask = 2147483647;
			files = (
			);
			runOnlyForDeploymentPostprocessing = 0;
		};
		BCF5BD872D64A4F70070F166 /* Resources */ = {
			isa = PBXResourcesBuildPhase;
			buildActionMask = 2147483647;
			files = (
			);
			runOnlyForDeploymentPostprocessing = 0;
		};
/* End PBXResourcesBuildPhase section */

/* Begin PBXSourcesBuildPhase section */
		BCF5BD6B2D64A4F40070F166 /* Sources */ = {
			isa = PBXSourcesBuildPhase;
			buildActionMask = 2147483647;
			files = (
			);
			runOnlyForDeploymentPostprocessing = 0;
		};
		BCF5BD7B2D64A4F70070F166 /* Sources */ = {
			isa = PBXSourcesBuildPhase;
			buildActionMask = 2147483647;
			files = (
			);
			runOnlyForDeploymentPostprocessing = 0;
		};
		BCF5BD852D64A4F70070F166 /* Sources */ = {
			isa = PBXSourcesBuildPhase;
			buildActionMask = 2147483647;
			files = (
			);
			runOnlyForDeploymentPostprocessing = 0;
		};
/* End PBXSourcesBuildPhase section */

/* Begin PBXTargetDependency section */
		BCF5BD812D64A4F70070F166 /* PBXTargetDependency */ = {
			isa = PBXTargetDependency;
			target = BCF5BD6E2D64A4F40070F166 /* Sample_CodingTest1 */;
			targetProxy = BCF5BD802D64A4F70070F166 /* PBXContainerItemProxy */;
		};
		BCF5BD8B2D64A4F70070F166 /* PBXTargetDependency */ = {
			isa = PBXTargetDependency;
			target = BCF5BD6E2D64A4F40070F166 /* Sample_CodingTest1 */;
			targetProxy = BCF5BD8A2D64A4F70070F166 /* PBXContainerItemProxy */;
		};
/* End PBXTargetDependency section */

/* Begin XCBuildConfiguration section */
		BCF5BD912D64A4F70070F166 /* Debug */ = {
			isa = XCBuildConfiguration;
			buildSettings = {
				ALWAYS_SEARCH_USER_PATHS = NO;
				ASSETCATALOG_COMPILER_GENERATE_SWIFT_ASSET_SYMBOL_EXTENSIONS = YES;
				CLANG_ANALYZER_NONNULL = YES;
				CLANG_ANALYZER_NUMBER_OBJECT_CONVERSION = YES_AGGRESSIVE;
				CLANG_CXX_LANGUAGE_STANDARD = "gnu++20";
				CLANG_ENABLE_MODULES = YES;
				CLANG_ENABLE_OBJC_ARC = YES;
				CLANG_ENABLE_OBJC_WEAK = YES;
				CLANG_WARN_BLOCK_CAPTURE_AUTORELEASING = YES;
				CLANG_WARN_BOOL_CONVERSION = YES;
				CLANG_WARN_COMMA = YES;
				CLANG_WARN_CONSTANT_CONVERSION = YES;
				CLANG_WARN_DEPRECATED_OBJC_IMPLEMENTATIONS = YES;
				CLANG_WARN_DIRECT_OBJC_ISA_USAGE = YES_ERROR;
				CLANG_WARN_DOCUMENTATION_COMMENTS = YES;
				CLANG_WARN_EMPTY_BODY = YES;
				CLANG_WARN_ENUM_CONVERSION = YES;
				CLANG_WARN_INFINITE_RECURSION = YES;
				CLANG_WARN_INT_CONVERSION = YES;
				CLANG_WARN_NON_LITERAL_NULL_CONVERSION = YES;
				CLANG_WARN_OBJC_IMPLICIT_RETAIN_SELF = YES;
				CLANG_WARN_OBJC_LITERAL_CONVERSION = YES;
				CLANG_WARN_OBJC_ROOT_CLASS = YES_ERROR;
				CLANG_WARN_QUOTED_INCLUDE_IN_FRAMEWORK_HEADER = YES;
				CLANG_WARN_RANGE_LOOP_ANALYSIS = YES;
				CLANG_WARN_STRICT_PROTOTYPES = YES;
				CLANG_WARN_SUSPICIOUS_MOVE = YES;
				CLANG_WARN_UNGUARDED_AVAILABILITY = YES_AGGRESSIVE;
				CLANG_WARN_UNREACHABLE_CODE = YES;
				CLANG_WARN__DUPLICATE_METHOD_MATCH = YES;
				COPY_PHASE_STRIP = NO;
				DEBUG_INFORMATION_FORMAT = dwarf;
				ENABLE_STRICT_OBJC_MSGSEND = YES;
				ENABLE_TESTABILITY = YES;
				ENABLE_USER_SCRIPT_SANDBOXING = YES;
				GCC_C_LANGUAGE_STANDARD = gnu17;
				GCC_DYNAMIC_NO_PIC = NO;
				GCC_NO_COMMON_BLOCKS = YES;
				GCC_OPTIMIZATION_LEVEL = 0;
				GCC_PREPROCESSOR_DEFINITIONS = (
					"DEBUG=1",
					"$(inherited)",
				);
				GCC_WARN_64_TO_32_BIT_CONVERSION = YES;
				GCC_WARN_ABOUT_RETURN_TYPE = YES_ERROR;
				GCC_WARN_UNDECLARED_SELECTOR = YES;
				GCC_WARN_UNINITIALIZED_AUTOS = YES_AGGRESSIVE;
				GCC_WARN_UNUSED_FUNCTION = YES;
				GCC_WARN_UNUSED_VARIABLE = YES;
				IPHONEOS_DEPLOYMENT_TARGET = 18.2;
				LOCALIZATION_PREFERS_STRING_CATALOGS = YES;
				MTL_ENABLE_DEBUG_INFO = INCLUDE_SOURCE;
				MTL_FAST_MATH = YES;
				ONLY_ACTIVE_ARCH = YES;
				SDKROOT = iphoneos;
				SWIFT_ACTIVE_COMPILATION_CONDITIONS = "DEBUG $(inherited)";
				SWIFT_OPTIMIZATION_LEVEL = "-Onone";
			};
			name = Debug;
		};
		BCF5BD922D64A4F70070F166 /* Release */ = {
			isa = XCBuildConfiguration;
			buildSettings = {
				ALWAYS_SEARCH_USER_PATHS = NO;
				ASSETCATALOG_COMPILER_GENERATE_SWIFT_ASSET_SYMBOL_EXTENSIONS = YES;
				CLANG_ANALYZER_NONNULL = YES;
				CLANG_ANALYZER_NUMBER_OBJECT_CONVERSION = YES_AGGRESSIVE;
				CLANG_CXX_LANGUAGE_STANDARD = "gnu++20";
				CLANG_ENABLE_MODULES = YES;
				CLANG_ENABLE_OBJC_ARC = YES;
				CLANG_ENABLE_OBJC_WEAK = YES;
				CLANG_WARN_BLOCK_CAPTURE_AUTORELEASING = YES;
				CLANG_WARN_BOOL_CONVERSION = YES;
				CLANG_WARN_COMMA = YES;
				CLANG_WARN_CONSTANT_CONVERSION = YES;
				CLANG_WARN_DEPRECATED_OBJC_IMPLEMENTATIONS = YES;
				CLANG_WARN_DIRECT_OBJC_ISA_USAGE = YES_ERROR;
				CLANG_WARN_DOCUMENTATION_COMMENTS = YES;
				CLANG_WARN_EMPTY_BODY = YES;
				CLANG_WARN_ENUM_CONVERSION = YES;
				CLANG_WARN_INFINITE_RECURSION = YES;
				CLANG_WARN_INT_CONVERSION = YES;
				CLANG_WARN_NON_LITERAL_NULL_CONVERSION = YES;
				CLANG_WARN_OBJC_IMPLICIT_RETAIN_SELF = YES;
				CLANG_WARN_OBJC_LITERAL_CONVERSION = YES;
				CLANG_WARN_OBJC_ROOT_CLASS = YES_ERROR;
				CLANG_WARN_QUOTED_INCLUDE_IN_FRAMEWORK_HEADER = YES;
				CLANG_WARN_RANGE_LOOP_ANALYSIS = YES;
				CLANG_WARN_STRICT_PROTOTYPES = YES;
				CLANG_WARN_SUSPICIOUS_MOVE = YES;
				CLANG_WARN_UNGUARDED_AVAILABILITY = YES_AGGRESSIVE;
				CLANG_WARN_UNREACHABLE_CODE = YES;
				CLANG_WARN__DUPLICATE_METHOD_MATCH = YES;
				COPY_PHASE_STRIP = NO;
				DEBUG_INFORMATION_FORMAT = "dwarf-with-dsym";
				ENABLE_NS_ASSERTIONS = NO;
				ENABLE_STRICT_OBJC_MSGSEND = YES;
				ENABLE_USER_SCRIPT_SANDBOXING = YES;
				GCC_C_LANGUAGE_STANDARD = gnu17;
				GCC_NO_COMMON_BLOCKS = YES;
				GCC_WARN_64_TO_32_BIT_CONVERSION = YES;
				GCC_WARN_ABOUT_RETURN_TYPE = YES_ERROR;
				GCC_WARN_UNDECLARED_SELECTOR = YES;
				GCC_WARN_UNINITIALIZED_AUTOS = YES_AGGRESSIVE;
				GCC_WARN_UNUSED_FUNCTION = YES;
				GCC_WARN_UNUSED_VARIABLE = YES;
				IPHONEOS_DEPLOYMENT_TARGET = 18.2;
				LOCALIZATION_PREFERS_STRING_CATALOGS = YES;
				MTL_ENABLE_DEBUG_INFO = NO;
				MTL_FAST_MATH = YES;
				SDKROOT = iphoneos;
				SWIFT_COMPILATION_MODE = wholemodule;
				VALIDATE_PRODUCT = YES;
			};
			name = Release;
		};
		BCF5BD942D64A4F70070F166 /* Debug */ = {
			isa = XCBuildConfiguration;
			buildSettings = {
				ASSETCATALOG_COMPILER_APPICON_NAME = AppIcon;
				ASSETCATALOG_COMPILER_GLOBAL_ACCENT_COLOR_NAME = AccentColor;
				CODE_SIGN_STYLE = Automatic;
				CURRENT_PROJECT_VERSION = 1;
				DEVELOPMENT_ASSET_PATHS = "\"Sample_CodingTest1/Preview Content\"";
				DEVELOPMENT_TEAM = 37MFDT4LMQ;
				ENABLE_PREVIEWS = YES;
				GENERATE_INFOPLIST_FILE = YES;
				INFOPLIST_KEY_UIApplicationSceneManifest_Generation = YES;
				INFOPLIST_KEY_UIApplicationSupportsIndirectInputEvents = YES;
				INFOPLIST_KEY_UILaunchScreen_Generation = YES;
				INFOPLIST_KEY_UISupportedInterfaceOrientations_iPad = "UIInterfaceOrientationPortrait UIInterfaceOrientationPortraitUpsideDown UIInterfaceOrientationLandscapeLeft UIInterfaceOrientationLandscapeRight";
				INFOPLIST_KEY_UISupportedInterfaceOrientations_iPhone = "UIInterfaceOrientationPortrait UIInterfaceOrientationLandscapeLeft UIInterfaceOrientationLandscapeRight";
				LD_RUNPATH_SEARCH_PATHS = (
					"$(inherited)",
					"@executable_path/Frameworks",
				);
				MARKETING_VERSION = 1.0;
				PRODUCT_BUNDLE_IDENTIFIER = "test.Sample-CodingTest1";
				PRODUCT_NAME = "$(TARGET_NAME)";
				SWIFT_EMIT_LOC_STRINGS = YES;
				SWIFT_VERSION = 5.0;
				TARGETED_DEVICE_FAMILY = "1,2";
			};
			name = Debug;
		};
		BCF5BD952D64A4F70070F166 /* Release */ = {
			isa = XCBuildConfiguration;
			buildSettings = {
				ASSETCATALOG_COMPILER_APPICON_NAME = AppIcon;
				ASSETCATALOG_COMPILER_GLOBAL_ACCENT_COLOR_NAME = AccentColor;
				CODE_SIGN_STYLE = Automatic;
				CURRENT_PROJECT_VERSION = 1;
				DEVELOPMENT_ASSET_PATHS = "\"Sample_CodingTest1/Preview Content\"";
				DEVELOPMENT_TEAM = 37MFDT4LMQ;
				ENABLE_PREVIEWS = YES;
				GENERATE_INFOPLIST_FILE = YES;
				INFOPLIST_KEY_UIApplicationSceneManifest_Generation = YES;
				INFOPLIST_KEY_UIApplicationSupportsIndirectInputEvents = YES;
				INFOPLIST_KEY_UILaunchScreen_Generation = YES;
				INFOPLIST_KEY_UISupportedInterfaceOrientations_iPad = "UIInterfaceOrientationPortrait UIInterfaceOrientationPortraitUpsideDown UIInterfaceOrientationLandscapeLeft UIInterfaceOrientationLandscapeRight";
				INFOPLIST_KEY_UISupportedInterfaceOrientations_iPhone = "UIInterfaceOrientationPortrait UIInterfaceOrientationLandscapeLeft UIInterfaceOrientationLandscapeRight";
				LD_RUNPATH_SEARCH_PATHS = (
					"$(inherited)",
					"@executable_path/Frameworks",
				);
				MARKETING_VERSION = 1.0;
				PRODUCT_BUNDLE_IDENTIFIER = "test.Sample-CodingTest1";
				PRODUCT_NAME = "$(TARGET_NAME)";
				SWIFT_EMIT_LOC_STRINGS = YES;
				SWIFT_VERSION = 5.0;
				TARGETED_DEVICE_FAMILY = "1,2";
			};
			name = Release;
		};
		BCF5BD972D64A4F70070F166 /* Debug */ = {
			isa = XCBuildConfiguration;
			buildSettings = {
				BUNDLE_LOADER = "$(TEST_HOST)";
				CODE_SIGN_STYLE = Automatic;
				CURRENT_PROJECT_VERSION = 1;
				DEVELOPMENT_TEAM = 37MFDT4LMQ;
				GENERATE_INFOPLIST_FILE = YES;
				IPHONEOS_DEPLOYMENT_TARGET = 18.2;
				MARKETING_VERSION = 1.0;
				PRODUCT_BUNDLE_IDENTIFIER = "test.Sample-CodingTest1Tests";
				PRODUCT_NAME = "$(TARGET_NAME)";
				SWIFT_EMIT_LOC_STRINGS = NO;
				SWIFT_VERSION = 5.0;
				TARGETED_DEVICE_FAMILY = "1,2";
				TEST_HOST = "$(BUILT_PRODUCTS_DIR)/Sample_CodingTest1.app/$(BUNDLE_EXECUTABLE_FOLDER_PATH)/Sample_CodingTest1";
			};
			name = Debug;
		};
		BCF5BD982D64A4F70070F166 /* Release */ = {
			isa = XCBuildConfiguration;
			buildSettings = {
				BUNDLE_LOADER = "$(TEST_HOST)";
				CODE_SIGN_STYLE = Automatic;
				CURRENT_PROJECT_VERSION = 1;
				DEVELOPMENT_TEAM = 37MFDT4LMQ;
				GENERATE_INFOPLIST_FILE = YES;
				IPHONEOS_DEPLOYMENT_TARGET = 18.2;
				MARKETING_VERSION = 1.0;
				PRODUCT_BUNDLE_IDENTIFIER = "test.Sample-CodingTest1Tests";
				PRODUCT_NAME = "$(TARGET_NAME)";
				SWIFT_EMIT_LOC_STRINGS = NO;
				SWIFT_VERSION = 5.0;
				TARGETED_DEVICE_FAMILY = "1,2";
				TEST_HOST = "$(BUILT_PRODUCTS_DIR)/Sample_CodingTest1.app/$(BUNDLE_EXECUTABLE_FOLDER_PATH)/Sample_CodingTest1";
			};
			name = Release;
		};
		BCF5BD9A2D64A4F70070F166 /* Debug */ = {
			isa = XCBuildConfiguration;
			buildSettings = {
				CODE_SIGN_STYLE = Automatic;
				CURRENT_PROJECT_VERSION = 1;
				DEVELOPMENT_TEAM = 37MFDT4LMQ;
				GENERATE_INFOPLIST_FILE = YES;
				MARKETING_VERSION = 1.0;
				PRODUCT_BUNDLE_IDENTIFIER = "test.Sample-CodingTest1UITests";
				PRODUCT_NAME = "$(TARGET_NAME)";
				SWIFT_EMIT_LOC_STRINGS = NO;
				SWIFT_VERSION = 5.0;
				TARGETED_DEVICE_FAMILY = "1,2";
				TEST_TARGET_NAME = Sample_CodingTest1;
			};
			name = Debug;
		};
		BCF5BD9B2D64A4F70070F166 /* Release */ = {
			isa = XCBuildConfiguration;
			buildSettings = {
				CODE_SIGN_STYLE = Automatic;
				CURRENT_PROJECT_VERSION = 1;
				DEVELOPMENT_TEAM = 37MFDT4LMQ;
				GENERATE_INFOPLIST_FILE = YES;
				MARKETING_VERSION = 1.0;
				PRODUCT_BUNDLE_IDENTIFIER = "test.Sample-CodingTest1UITests";
				PRODUCT_NAME = "$(TARGET_NAME)";
				SWIFT_EMIT_LOC_STRINGS = NO;
				SWIFT_VERSION = 5.0;
				TARGETED_DEVICE_FAMILY = "1,2";
				TEST_TARGET_NAME = Sample_CodingTest1;
			};
			name = Release;
		};
/* End XCBuildConfiguration section */

/* Begin XCConfigurationList section */
		BCF5BD6A2D64A4F40070F166 /* Build configuration list for PBXProject "Sample_CodingTest1" */ = {
			isa = XCConfigurationList;
			buildConfigurations = (
				BCF5BD912D64A4F70070F166 /* Debug */,
				BCF5BD922D64A4F70070F166 /* Release */,
			);
			defaultConfigurationIsVisible = 0;
			defaultConfigurationName = Release;
		};
		BCF5BD932D64A4F70070F166 /* Build configuration list for PBXNativeTarget "Sample_CodingTest1" */ = {
			isa = XCConfigurationList;
			buildConfigurations = (
				BCF5BD942D64A4F70070F166 /* Debug */,
				BCF5BD952D64A4F70070F166 /* Release */,
			);
			defaultConfigurationIsVisible = 0;
			defaultConfigurationName = Release;
		};
		BCF5BD962D64A4F70070F166 /* Build configuration list for PBXNativeTarget "Sample_CodingTest1Tests" */ = {
			isa = XCConfigurationList;
			buildConfigurations = (
				BCF5BD972D64A4F70070F166 /* Debug */,
				BCF5BD982D64A4F70070F166 /* Release */,
			);
			defaultConfigurationIsVisible = 0;
			defaultConfigurationName = Release;
		};
		BCF5BD992D64A4F70070F166 /* Build configuration list for PBXNativeTarget "Sample_CodingTest1UITests" */ = {
			isa = XCConfigurationList;
			buildConfigurations = (
				BCF5BD9A2D64A4F70070F166 /* Debug */,
				BCF5BD9B2D64A4F70070F166 /* Release */,
			);
			defaultConfigurationIsVisible = 0;
			defaultConfigurationName = Release;
		};
/* End XCConfigurationList section */
	};
	rootObject = BCF5BD672D64A4F40070F166 /* Project object */;
}
