{
  "originHash" : "c351aabe13067917247f7926404d096603b95663248b51124280feb61a2edf30",
  "pins" : [
    {
      "identity" : "openai",
      "kind" : "remoteSourceControl",
      "location" : "https://github.com/MacPaw/OpenAI",
      "state" : {
        "revision" : "190c35534eb9ea07a7deed641e3ca46d54759271",
        "version" : "0.3.4"
      }
    }
  ],
  "version" : 3
}
